// !$*UTF8*$!
{
	archiveVersion = 1;
	classes = {
	};
	objectVersion = 50;
	objects = {

/* Begin PBXBuildFile section */
		EA0DB68F243D6DE0005D16DC /* AppDelegate.swift in Sources */ = {isa = PBXBuildFile; fileRef = EA0DB68E243D6DE0005D16DC /* AppDelegate.swift */; };
		EA0DB691243D6DE0005D16DC /* SceneDelegate.swift in Sources */ = {isa = PBXBuildFile; fileRef = EA0DB690243D6DE0005D16DC /* SceneDelegate.swift */; };
		EA0DB693243D6DE0005D16DC /* ViewController.swift in Sources */ = {isa = PBXBuildFile; fileRef = EA0DB692243D6DE0005D16DC /* ViewController.swift */; };
		EA0DB696243D6DE1005D16DC /* Main.storyboard in Resources */ = {isa = PBXBuildFile; fileRef = EA0DB694243D6DE1005D16DC /* Main.storyboard */; };
		EA0DB698243D6DE7005D16DC /* Assets.xcassets in Resources */ = {isa = PBXBuildFile; fileRef = EA0DB697243D6DE7005D16DC /* Assets.xcassets */; };
		EA0DB69B243D6DE7005D16DC /* LaunchScreen.storyboard in Resources */ = {isa = PBXBuildFile; fileRef = EA0DB699243D6DE7005D16DC /* LaunchScreen.storyboard */; };
		EA0DB6A6243D6DE8005D16DC /* VUJudo1Tests.swift in Sources */ = {isa = PBXBuildFile; fileRef = EA0DB6A5243D6DE8005D16DC /* VUJudo1Tests.swift */; };
/* End PBXBuildFile section */

/* Begin PBXContainerItemProxy section */
		EA0DB6A2243D6DE8005D16DC /* PBXContainerItemProxy */ = {
			isa = PBXContainerItemProxy;
			containerPortal = EA0DB683243D6DE0005D16DC /* Project object */;
			proxyType = 1;
			remoteGlobalIDString = EA0DB68A243D6DE0005D16DC;
			remoteInfo = VUJudo1;
		};
/* End PBXContainerItemProxy section */

/* Begin PBXFileReference section */
		EA0DB68B243D6DE0005D16DC /* VUJudo1.app */ = {isa = PBXFileReference; explicitFileType = wrapper.application; includeInIndex = 0; path = VUJudo1.app; sourceTree = BUILT_PRODUCTS_DIR; };
		EA0DB68E243D6DE0005D16DC /* AppDelegate.swift */ = {isa = PBXFileReference; lastKnownFileType = sourcecode.swift; path = AppDelegate.swift; sourceTree = "<group>"; };
		EA0DB690243D6DE0005D16DC /* SceneDelegate.swift */ = {isa = PBXFileReference; lastKnownFileType = sourcecode.swift; path = SceneDelegate.swift; sourceTree = "<group>"; };
		EA0DB692243D6DE0005D16DC /* ViewController.swift */ = {isa = PBXFileReference; lastKnownFileType = sourcecode.swift; path = ViewController.swift; sourceTree = "<group>"; };
		EA0DB695243D6DE1005D16DC /* Base */ = {isa = PBXFileReference; lastKnownFileType = file.storyboard; name = Base; path = Base.lproj/Main.storyboard; sourceTree = "<group>"; };
		EA0DB697243D6DE7005D16DC /* Assets.xcassets */ = {isa = PBXFileReference; lastKnownFileType = folder.assetcatalog; path = Assets.xcassets; sourceTree = "<group>"; };
		EA0DB69A243D6DE7005D16DC /* Base */ = {isa = PBXFileReference; lastKnownFileType = file.storyboard; name = Base; path = Base.lproj/LaunchScreen.storyboard; sourceTree = "<group>"; };
		EA0DB69C243D6DE7005D16DC /* Info.plist */ = {isa = PBXFileReference; lastKnownFileType = text.plist.xml; path = Info.plist; sourceTree = "<group>"; };
		EA0DB6A1243D6DE8005D16DC /* VUJudo1Tests.xctest */ = {isa = PBXFileReference; explicitFileType = wrapper.cfbundle; includeInIndex = 0; path = VUJudo1Tests.xctest; sourceTree = BUILT_PRODUCTS_DIR; };
		EA0DB6A5243D6DE8005D16DC /* VUJudo1Tests.swift */ = {isa = PBXFileReference; lastKnownFileType = sourcecode.swift; path = VUJudo1Tests.swift; sourceTree = "<group>"; };
		EA0DB6A7243D6DE8005D16DC /* Info.plist */ = {isa = PBXFileReference; lastKnownFileType = text.plist.xml; path = Info.plist; sourceTree = "<group>"; };
/* End PBXFileReference section */

/* Begin PBXFrameworksBuildPhase section */
		EA0DB688243D6DE0005D16DC /* Frameworks */ = {
			isa = PBXFrameworksBuildPhase;
			buildActionMask = 2147483647;
			files = (
			);
			runOnlyForDeploymentPostprocessing = 0;
		};
		EA0DB69E243D6DE8005D16DC /* Frameworks */ = {
			isa = PBXFrameworksBuildPhase;
			buildActionMask = 2147483647;
			files = (
			);
			runOnlyForDeploymentPostprocessing = 0;
		};
/* End PBXFrameworksBuildPhase section */

/* Begin PBXGroup section */
		EA0DB682243D6DE0005D16DC = {
			isa = PBXGroup;
			children = (
				EA0DB68D243D6DE0005D16DC /* VUJudo1 */,
				EA0DB6A4243D6DE8005D16DC /* VUJudo1Tests */,
				EA0DB68C243D6DE0005D16DC /* Products */,
			);
			sourceTree = "<group>";
		};
		EA0DB68C243D6DE0005D16DC /* Products */ = {
			isa = PBXGroup;
			children = (
				EA0DB68B243D6DE0005D16DC /* VUJudo1.app */,
				EA0DB6A1243D6DE8005D16DC /* VUJudo1Tests.xctest */,
			);
			name = Products;
			sourceTree = "<group>";
		};
		EA0DB68D243D6DE0005D16DC /* VUJudo1 */ = {
			isa = PBXGroup;
			children = (
				EA0DB68E243D6DE0005D16DC /* AppDelegate.swift */,
				EA0DB690243D6DE0005D16DC /* SceneDelegate.swift */,
				EA0DB692243D6DE0005D16DC /* ViewController.swift */,
				EA0DB694243D6DE1005D16DC /* Main.storyboard */,
				EA0DB697243D6DE7005D16DC /* Assets.xcassets */,
				EA0DB699243D6DE7005D16DC /* LaunchScreen.storyboard */,
				EA0DB69C243D6DE7005D16DC /* Info.plist */,
			);
			path = VUJudo1;
			sourceTree = "<group>";
		};
		EA0DB6A4243D6DE8005D16DC /* VUJudo1Tests */ = {
			isa = PBXGroup;
			children = (
				EA0DB6A5243D6DE8005D16DC /* VUJudo1Tests.swift */,
				EA0DB6A7243D6DE8005D16DC /* Info.plist */,
			);
			path = VUJudo1Tests;
			sourceTree = "<group>";
		};
/* End PBXGroup section */

/* Begin PBXNativeTarget section */
		EA0DB68A243D6DE0005D16DC /* VUJudo1 */ = {
			isa = PBXNativeTarget;
			buildConfigurationList = EA0DB6AA243D6DE8005D16DC /* Build configuration list for PBXNativeTarget "VUJudo1" */;
			buildPhases = (
				EA0DB687243D6DE0005D16DC /* Sources */,
				EA0DB688243D6DE0005D16DC /* Frameworks */,
				EA0DB689243D6DE0005D16DC /* Resources */,
			);
			buildRules = (
			);
			dependencies = (
			);
			name = VUJudo1;
			productName = VUJudo1;
			productReference = EA0DB68B243D6DE0005D16DC /* VUJudo1.app */;
			productType = "com.apple.product-type.application";
		};
		EA0DB6A0243D6DE8005D16DC /* VUJudo1Tests */ = {
			isa = PBXNativeTarget;
			buildConfigurationList = EA0DB6AD243D6DE8005D16DC /* Build configuration list for PBXNativeTarget "VUJudo1Tests" */;
			buildPhases = (
				EA0DB69D243D6DE8005D16DC /* Sources */,
				EA0DB69E243D6DE8005D16DC /* Frameworks */,
				EA0DB69F243D6DE8005D16DC /* Resources */,
			);
			buildRules = (
			);
			dependencies = (
				EA0DB6A3243D6DE8005D16DC /* PBXTargetDependency */,
			);
			name = VUJudo1Tests;
			productName = VUJudo1Tests;
			productReference = EA0DB6A1243D6DE8005D16DC /* VUJudo1Tests.xctest */;
			productType = "com.apple.product-type.bundle.unit-test";
		};
/* End PBXNativeTarget section */

/* Begin PBXProject section */
		EA0DB683243D6DE0005D16DC /* Project object */ = {
			isa = PBXProject;
			attributes = {
				LastSwiftUpdateCheck = 1140;
				LastUpgradeCheck = 1140;
				ORGANIZATIONNAME = "Christina LaRow";
				TargetAttributes = {
					EA0DB68A243D6DE0005D16DC = {
						CreatedOnToolsVersion = 11.4;
					};
					EA0DB6A0243D6DE8005D16DC = {
						CreatedOnToolsVersion = 11.4;
						TestTargetID = EA0DB68A243D6DE0005D16DC;
					};
				};
			};
			buildConfigurationList = EA0DB686243D6DE0005D16DC /* Build configuration list for PBXProject "VUJudo1" */;
			compatibilityVersion = "Xcode 9.3";
			developmentRegion = en;
			hasScannedForEncodings = 0;
			knownRegions = (
				en,
				Base,
			);
			mainGroup = EA0DB682243D6DE0005D16DC;
			productRefGroup = EA0DB68C243D6DE0005D16DC /* Products */;
			projectDirPath = "";
			projectRoot = "";
			targets = (
				EA0DB68A243D6DE0005D16DC /* VUJudo1 */,
				EA0DB6A0243D6DE8005D16DC /* VUJudo1Tests */,
			);
		};
/* End PBXProject section */

/* Begin PBXResourcesBuildPhase section */
		EA0DB689243D6DE0005D16DC /* Resources */ = {
			isa = PBXResourcesBuildPhase;
			buildActionMask = 2147483647;
			files = (
				EA0DB69B243D6DE7005D16DC /* LaunchScreen.storyboard in Resources */,
				EA0DB698243D6DE7005D16DC /* Assets.xcassets in Resources */,
				EA0DB696243D6DE1005D16DC /* Main.storyboard in Resources */,
			);
			runOnlyForDeploymentPostprocessing = 0;
		};
		EA0DB69F243D6DE8005D16DC /* Resources */ = {
			isa = PBXResourcesBuildPhase;
			buildActionMask = 2147483647;
			files = (
			);
			runOnlyForDeploymentPostprocessing = 0;
		};
/* End PBXResourcesBuildPhase section */

/* Begin PBXSourcesBuildPhase section */
		EA0DB687243D6DE0005D16DC /* Sources */ = {
			isa = PBXSourcesBuildPhase;
			buildActionMask = 2147483647;
			files = (
				EA0DB693243D6DE0005D16DC /* ViewController.swift in Sources */,
				EA0DB68F243D6DE0005D16DC /* AppDelegate.swift in Sources */,
				EA0DB691243D6DE0005D16DC /* SceneDelegate.swift in Sources */,
			);
			runOnlyForDeploymentPostprocessing = 0;
		};
		EA0DB69D243D6DE8005D16DC /* Sources */ = {
			isa = PBXSourcesBuildPhase;
			buildActionMask = 2147483647;
			files = (
				EA0DB6A6243D6DE8005D16DC /* VUJudo1Tests.swift in Sources */,
			);
			runOnlyForDeploymentPostprocessing = 0;
		};
/* End PBXSourcesBuildPhase section */

/* Begin PBXTargetDependency section */
		EA0DB6A3243D6DE8005D16DC /* PBXTargetDependency */ = {
			isa = PBXTargetDependency;
			target = EA0DB68A243D6DE0005D16DC /* VUJudo1 */;
			targetProxy = EA0DB6A2243D6DE8005D16DC /* PBXContainerItemProxy */;
		};
/* End PBXTargetDependency section */

/* Begin PBXVariantGroup section */
		EA0DB694243D6DE1005D16DC /* Main.storyboard */ = {
			isa = PBXVariantGroup;
			children = (
				EA0DB695243D6DE1005D16DC /* Base */,
			);
			name = Main.storyboard;
			sourceTree = "<group>";
		};
		EA0DB699243D6DE7005D16DC /* LaunchScreen.storyboard */ = {
			isa = PBXVariantGroup;
			children = (
				EA0DB69A243D6DE7005D16DC /* Base */,
			);
			name = LaunchScreen.storyboard;
			sourceTree = "<group>";
		};
/* End PBXVariantGroup section */

/* Begin XCBuildConfiguration section */
		EA0DB6A8243D6DE8005D16DC /* Debug */ = {
			isa = XCBuildConfiguration;
			buildSettings = {
				ALWAYS_SEARCH_USER_PATHS = NO;
				CLANG_ANALYZER_NONNULL = YES;
				CLANG_ANALYZER_NUMBER_OBJECT_CONVERSION = YES_AGGRESSIVE;
				CLANG_CXX_LANGUAGE_STANDARD = "gnu++14";
				CLANG_CXX_LIBRARY = "libc++";
				CLANG_ENABLE_MODULES = YES;
				CLANG_ENABLE_OBJC_ARC = YES;
				CLANG_ENABLE_OBJC_WEAK = YES;
				CLANG_WARN_BLOCK_CAPTURE_AUTORELEASING = YES;
				CLANG_WARN_BOOL_CONVERSION = YES;
				CLANG_WARN_COMMA = YES;
				CLANG_WARN_CONSTANT_CONVERSION = YES;
				CLANG_WARN_DEPRECATED_OBJC_IMPLEMENTATIONS = YES;
				CLANG_WARN_DIRECT_OBJC_ISA_USAGE = YES_ERROR;
				CLANG_WARN_DOCUMENTATION_COMMENTS = YES;
				CLANG_WARN_EMPTY_BODY = YES;
				CLANG_WARN_ENUM_CONVERSION = YES;
				CLANG_WARN_INFINITE_RECURSION = YES;
				CLANG_WARN_INT_CONVERSION = YES;
				CLANG_WARN_NON_LITERAL_NULL_CONVERSION = YES;
				CLANG_WARN_OBJC_IMPLICIT_RETAIN_SELF = YES;
				CLANG_WARN_OBJC_LITERAL_CONVERSION = YES;
				CLANG_WARN_OBJC_ROOT_CLASS = YES_ERROR;
				CLANG_WARN_RANGE_LOOP_ANALYSIS = YES;
				CLANG_WARN_STRICT_PROTOTYPES = YES;
				CLANG_WARN_SUSPICIOUS_MOVE = YES;
				CLANG_WARN_UNGUARDED_AVAILABILITY = YES_AGGRESSIVE;
				CLANG_WARN_UNREACHABLE_CODE = YES;
				CLANG_WARN__DUPLICATE_METHOD_MATCH = YES;
				COPY_PHASE_STRIP = NO;
				DEBUG_INFORMATION_FORMAT = dwarf;
				ENABLE_STRICT_OBJC_MSGSEND = YES;
				ENABLE_TESTABILITY = YES;
				GCC_C_LANGUAGE_STANDARD = gnu11;
				GCC_DYNAMIC_NO_PIC = NO;
				GCC_NO_COMMON_BLOCKS = YES;
				GCC_OPTIMIZATION_LEVEL = 0;
				GCC_PREPROCESSOR_DEFINITIONS = (
					"DEBUG=1",
					"$(inherited)",
				);
				GCC_WARN_64_TO_32_BIT_CONVERSION = YES;
				GCC_WARN_ABOUT_RETURN_TYPE = YES_ERROR;
				GCC_WARN_UNDECLARED_SELECTOR = YES;
				GCC_WARN_UNINITIALIZED_AUTOS = YES_AGGRESSIVE;
				GCC_WARN_UNUSED_FUNCTION = YES;
				GCC_WARN_UNUSED_VARIABLE = YES;
				IPHONEOS_DEPLOYMENT_TARGET = 13.4;
				MTL_ENABLE_DEBUG_INFO = INCLUDE_SOURCE;
				MTL_FAST_MATH = YES;
				ONLY_ACTIVE_ARCH = YES;
				SDKROOT = iphoneos;
				SWIFT_ACTIVE_COMPILATION_CONDITIONS = DEBUG;
				SWIFT_OPTIMIZATION_LEVEL = "-Onone";
			};
			name = Debug;
		};
		EA0DB6A9243D6DE8005D16DC /* Release */ = {
			isa = XCBuildConfiguration;
			buildSettings = {
				ALWAYS_SEARCH_USER_PATHS = NO;
				CLANG_ANALYZER_NONNULL = YES;
				CLANG_ANALYZER_NUMBER_OBJECT_CONVERSION = YES_AGGRESSIVE;
				CLANG_CXX_LANGUAGE_STANDARD = "gnu++14";
				CLANG_CXX_LIBRARY = "libc++";
				CLANG_ENABLE_MODULES = YES;
				CLANG_ENABLE_OBJC_ARC = YES;
				CLANG_ENABLE_OBJC_WEAK = YES;
				CLANG_WARN_BLOCK_CAPTURE_AUTORELEASING = YES;
				CLANG_WARN_BOOL_CONVERSION = YES;
				CLANG_WARN_COMMA = YES;
				CLANG_WARN_CONSTANT_CONVERSION = YES;
				CLANG_WARN_DEPRECATED_OBJC_IMPLEMENTATIONS = YES;
				CLANG_WARN_DIRECT_OBJC_ISA_USAGE = YES_ERROR;
				CLANG_WARN_DOCUMENTATION_COMMENTS = YES;
				CLANG_WARN_EMPTY_BODY = YES;
				CLANG_WARN_ENUM_CONVERSION = YES;
				CLANG_WARN_INFINITE_RECURSION = YES;
				CLANG_WARN_INT_CONVERSION = YES;
				CLANG_WARN_NON_LITERAL_NULL_CONVERSION = YES;
				CLANG_WARN_OBJC_IMPLICIT_RETAIN_SELF = YES;
				CLANG_WARN_OBJC_LITERAL_CONVERSION = YES;
				CLANG_WARN_OBJC_ROOT_CLASS = YES_ERROR;
				CLANG_WARN_RANGE_LOOP_ANALYSIS = YES;
				CLANG_WARN_STRICT_PROTOTYPES = YES;
				CLANG_WARN_SUSPICIOUS_MOVE = YES;
				CLANG_WARN_UNGUARDED_AVAILABILITY = YES_AGGRESSIVE;
				CLANG_WARN_UNREACHABLE_CODE = YES;
				CLANG_WARN__DUPLICATE_METHOD_MATCH = YES;
				COPY_PHASE_STRIP = NO;
				DEBUG_INFORMATION_FORMAT = "dwarf-with-dsym";
				ENABLE_NS_ASSERTIONS = NO;
				ENABLE_STRICT_OBJC_MSGSEND = YES;
				GCC_C_LANGUAGE_STANDARD = gnu11;
				GCC_NO_COMMON_BLOCKS = YES;
				GCC_WARN_64_TO_32_BIT_CONVERSION = YES;
				GCC_WARN_ABOUT_RETURN_TYPE = YES_ERROR;
				GCC_WARN_UNDECLARED_SELECTOR = YES;
				GCC_WARN_UNINITIALIZED_AUTOS = YES_AGGRESSIVE;
				GCC_WARN_UNUSED_FUNCTION = YES;
				GCC_WARN_UNUSED_VARIABLE = YES;
				IPHONEOS_DEPLOYMENT_TARGET = 13.4;
				MTL_ENABLE_DEBUG_INFO = NO;
				MTL_FAST_MATH = YES;
				SDKROOT = iphoneos;
				SWIFT_COMPILATION_MODE = wholemodule;
				SWIFT_OPTIMIZATION_LEVEL = "-O";
				VALIDATE_PRODUCT = YES;
			};
			name = Release;
		};
		EA0DB6AB243D6DE8005D16DC /* Debug */ = {
			isa = XCBuildConfiguration;
			buildSettings = {
				ASSETCATALOG_COMPILER_APPICON_NAME = AppIcon;
				CODE_SIGN_STYLE = Automatic;
				DEVELOPMENT_TEAM = 5UF9496YVU;
				INFOPLIST_FILE = VUJudo1/Info.plist;
				LD_RUNPATH_SEARCH_PATHS = (
					"$(inherited)",
					"@executable_path/Frameworks",
				);
				PRODUCT_BUNDLE_IDENTIFIER = example.VUJudo1;
				PRODUCT_NAME = "$(TARGET_NAME)";
				SWIFT_VERSION = 5.0;
				TARGETED_DEVICE_FAMILY = "1,2";
			};
			name = Debug;
		};
		EA0DB6AC243D6DE8005D16DC /* Release */ = {
			isa = XCBuildConfiguration;
			buildSettings = {
				ASSETCATALOG_COMPILER_APPICON_NAME = AppIcon;
				CODE_SIGN_STYLE = Automatic;
				DEVELOPMENT_TEAM = 5UF9496YVU;
				INFOPLIST_FILE = VUJudo1/Info.plist;
				LD_RUNPATH_SEARCH_PATHS = (
					"$(inherited)",
					"@executable_path/Frameworks",
				);
				PRODUCT_BUNDLE_IDENTIFIER = example.VUJudo1;
				PRODUCT_NAME = "$(TARGET_NAME)";
				SWIFT_VERSION = 5.0;
				TARGETED_DEVICE_FAMILY = "1,2";
			};
			name = Release;
		};
		EA0DB6AE243D6DE8005D16DC /* Debug */ = {
			isa = XCBuildConfiguration;
			buildSettings = {
				ALWAYS_EMBED_SWIFT_STANDARD_LIBRARIES = YES;
				BUNDLE_LOADER = "$(TEST_HOST)";
				CODE_SIGN_STYLE = Automatic;
				DEVELOPMENT_TEAM = 5UF9496YVU;
				INFOPLIST_FILE = VUJudo1Tests/Info.plist;
				IPHONEOS_DEPLOYMENT_TARGET = 13.4;
				LD_RUNPATH_SEARCH_PATHS = (
					"$(inherited)",
					"@executable_path/Frameworks",
					"@loader_path/Frameworks",
				);
				PRODUCT_BUNDLE_IDENTIFIER = example.VUJudo1Tests;
				PRODUCT_NAME = "$(TARGET_NAME)";
				SWIFT_VERSION = 5.0;
				TARGETED_DEVICE_FAMILY = "1,2";
				TEST_HOST = "$(BUILT_PRODUCTS_DIR)/VUJudo1.app/VUJudo1";
			};
			name = Debug;
		};
		EA0DB6AF243D6DE8005D16DC /* Release */ = {
			isa = XCBuildConfiguration;
			buildSettings = {
				ALWAYS_EMBED_SWIFT_STANDARD_LIBRARIES = YES;
				BUNDLE_LOADER = "$(TEST_HOST)";
				CODE_SIGN_STYLE = Automatic;
				DEVELOPMENT_TEAM = 5UF9496YVU;
				INFOPLIST_FILE = VUJudo1Tests/Info.plist;
				IPHONEOS_DEPLOYMENT_TARGET = 13.4;
				LD_RUNPATH_SEARCH_PATHS = (
					"$(inherited)",
					"@executable_path/Frameworks",
					"@loader_path/Frameworks",
				);
				PRODUCT_BUNDLE_IDENTIFIER = example.VUJudo1Tests;
				PRODUCT_NAME = "$(TARGET_NAME)";
				SWIFT_VERSION = 5.0;
				TARGETED_DEVICE_FAMILY = "1,2";
				TEST_HOST = "$(BUILT_PRODUCTS_DIR)/VUJudo1.app/VUJudo1";
			};
			name = Release;
		};
/* End XCBuildConfiguration section */

/* Begin XCConfigurationList section */
		EA0DB686243D6DE0005D16DC /* Build configuration list for PBXProject "VUJudo1" */ = {
			isa = XCConfigurationList;
			buildConfigurations = (
				EA0DB6A8243D6DE8005D16DC /* Debug */,
				EA0DB6A9243D6DE8005D16DC /* Release */,
			);
			defaultConfigurationIsVisible = 0;
			defaultConfigurationName = Release;
		};
		EA0DB6AA243D6DE8005D16DC /* Build configuration list for PBXNativeTarget "VUJudo1" */ = {
			isa = XCConfigurationList;
			buildConfigurations = (
				EA0DB6AB243D6DE8005D16DC /* Debug */,
				EA0DB6AC243D6DE8005D16DC /* Release */,
			);
			defaultConfigurationIsVisible = 0;
			defaultConfigurationName = Release;
		};
		EA0DB6AD243D6DE8005D16DC /* Build configuration list for PBXNativeTarget "VUJudo1Tests" */ = {
			isa = XCConfigurationList;
			buildConfigurations = (
				EA0DB6AE243D6DE8005D16DC /* Debug */,
				EA0DB6AF243D6DE8005D16DC /* Release */,
			);
			defaultConfigurationIsVisible = 0;
			defaultConfigurationName = Release;
		};
/* End XCConfigurationList section */
	};
	rootObject = EA0DB683243D6DE0005D16DC /* Project object */;
}
